
Microsoft Visual Studio Solution File, Format Version 12.00
# Visual Studio Version 17
VisualStudioVersion = 17.8.34330.188
MinimumVisualStudioVersion = 10.0.40219.1
Project("{9A19103F-16F7-4668-BE54-9A1E7A4F7556}") = "ApplyPermissions", "ApplyPermissions\ApplyPermissions.csproj", "{A3828515-FCD1-44A2-9E3E-786B1CC7B7CC}"
EndProject
Global
	GlobalSection(SolutionConfigurationPlatforms) = preSolution
		Debug|Any CPU = Debug|Any CPU
		Release|Any CPU = Release|Any CPU
	EndGlobalSection
	GlobalSection(ProjectConfigurationPlatforms) = postSolution
		{A3828515-FCD1-44A2-9E3E-786B1CC7B7CC}.Debug|Any CPU.ActiveCfg = Debug|Any CPU
		{A3828515-FCD1-44A2-9E3E-786B1CC7B7CC}.Debug|Any CPU.Build.0 = Debug|Any CPU
		{A3828515-FCD1-44A2-9E3E-786B1CC7B7CC}.Release|Any CPU.ActiveCfg = Release|Any CPU
		{A3828515-FCD1-44A2-9E3E-786B1CC7B7CC}.Release|Any CPU.Build.0 = Release|Any CPU
	EndGlobalSection
	GlobalSection(SolutionProperties) = preSolution
		HideSolutionNode = FALSE
	EndGlobalSection
	GlobalSection(ExtensibilityGlobals) = postSolution
		SolutionGuid = {590F4F00-364E-4B56-A623-C98972E54E07}
	EndGlobalSection
EndGlobal
